
Microsoft Visual Studio Solution File, Format Version 12.00
# Visual Studio Version 16
VisualStudioVersion = 16.0.29215.179
MinimumVisualStudioVersion = 10.0.40219.1
Project("{FAE04EC0-301F-11D3-BF4B-00C04F79EFBC}") = "Fragebogen", "Fragebogen\Fragebogen.csproj", "{0ABB9E8F-17CE-4BFE-A4AF-579B8367165E}"
EndProject
Global
	GlobalSection(SolutionConfigurationPlatforms) = preSolution
		Debug|Any CPU = Debug|Any CPU
		Release|Any CPU = Release|Any CPU
	EndGlobalSection
	GlobalSection(ProjectConfigurationPlatforms) = postSolution
		{0ABB9E8F-17CE-4BFE-A4AF-579B8367165E}.Debug|Any CPU.ActiveCfg = Debug|Any CPU
		{0ABB9E8F-17CE-4BFE-A4AF-579B8367165E}.Debug|Any CPU.Build.0 = Debug|Any CPU
		{0ABB9E8F-17CE-4BFE-A4AF-579B8367165E}.Release|Any CPU.ActiveCfg = Release|Any CPU
		{0ABB9E8F-17CE-4BFE-A4AF-579B8367165E}.Release|Any CPU.Build.0 = Release|Any CPU
	EndGlobalSection
	GlobalSection(SolutionProperties) = preSolution
		HideSolutionNode = FALSE
	EndGlobalSection
	GlobalSection(ExtensibilityGlobals) = postSolution
		SolutionGuid = {6973F4C3-ACB3-4F1D-9E52-3B9C967A7213}
	EndGlobalSection
EndGlobal
