
Microsoft Visual Studio Solution File, Format Version 12.00
# Visual Studio Version 16
VisualStudioVersion = 16.0.29306.81
MinimumVisualStudioVersion = 10.0.40219.1
Project("{FAE04EC0-301F-11D3-BF4B-00C04F79EFBC}") = "EVA", "EVA\EVA.csproj", "{DA835416-DC85-4095-8C46-80D9B0342849}"
EndProject
Global
	GlobalSection(SolutionConfigurationPlatforms) = preSolution
		Debug|Any CPU = Debug|Any CPU
		Release|Any CPU = Release|Any CPU
	EndGlobalSection
	GlobalSection(ProjectConfigurationPlatforms) = postSolution
		{DA835416-DC85-4095-8C46-80D9B0342849}.Debug|Any CPU.ActiveCfg = Debug|Any CPU
		{DA835416-DC85-4095-8C46-80D9B0342849}.Debug|Any CPU.Build.0 = Debug|Any CPU
		{DA835416-DC85-4095-8C46-80D9B0342849}.Release|Any CPU.ActiveCfg = Release|Any CPU
		{DA835416-DC85-4095-8C46-80D9B0342849}.Release|Any CPU.Build.0 = Release|Any CPU
	EndGlobalSection
	GlobalSection(SolutionProperties) = preSolution
		HideSolutionNode = FALSE
	EndGlobalSection
	GlobalSection(ExtensibilityGlobals) = postSolution
		SolutionGuid = {D944407B-05B1-4D6F-99CA-12D8A6FC87A5}
	EndGlobalSection
EndGlobal
